
Microsoft Visual Studio Solution File, Format Version 12.00
# Visual Studio Version 17
VisualStudioVersion = 17.8.34330.188
MinimumVisualStudioVersion = 10.0.40219.1
Project("{FAE04EC0-301F-11D3-BF4B-00C04F79EFBC}") = "Linux Server Info", "Linux Server Info.csproj", "{D3362F54-3072-426B-BB27-A236535D3CC1}"
EndProject
Global
	GlobalSection(SolutionConfigurationPlatforms) = preSolution
		Debug|Any CPU = Debug|Any CPU
		Release|Any CPU = Release|Any CPU
	EndGlobalSection
	GlobalSection(ProjectConfigurationPlatforms) = postSolution
		{D3362F54-3072-426B-BB27-A236535D3CC1}.Debug|Any CPU.ActiveCfg = Debug|Any CPU
		{D3362F54-3072-426B-BB27-A236535D3CC1}.Debug|Any CPU.Build.0 = Debug|Any CPU
		{D3362F54-3072-426B-BB27-A236535D3CC1}.Release|Any CPU.ActiveCfg = Release|Any CPU
		{D3362F54-3072-426B-BB27-A236535D3CC1}.Release|Any CPU.Build.0 = Release|Any CPU
	EndGlobalSection
	GlobalSection(SolutionProperties) = preSolution
		HideSolutionNode = FALSE
	EndGlobalSection
	GlobalSection(ExtensibilityGlobals) = postSolution
		SolutionGuid = {266239D0-438F-4C70-9989-7634D7D5F20F}
	EndGlobalSection
EndGlobal
